
Microsoft Visual Studio Solution File, Format Version 12.00
# Visual Studio 2012
Project("{FAE04EC0-301F-11D3-BF4B-00C04F79EFBC}") = "AlanD.wkhtmltopdf", "AlanD.wkhtmltopdf\AlanD.wkhtmltopdf.csproj", "{5D0CFBC3-7463-4A5E-8B46-BDE7913E66AE}"
EndProject
Project("{FAE04EC0-301F-11D3-BF4B-00C04F79EFBC}") = "AlanD.wkhtmltopdf.TestSite", "AlanD.wkhtmltopdf.TestSite\AlanD.wkhtmltopdf.TestSite.csproj", "{821D2646-99B3-415A-9DB0-50252382C38A}"
EndProject
Project("{FAE04EC0-301F-11D3-BF4B-00C04F79EFBC}") = "AlanD.wkhtmltopdf.Tests", "AlanD.wkhtmltopdf.Tests\AlanD.wkhtmltopdf.Tests.csproj", "{873AE0A6-CA0E-4A00-9F74-8E0E4BFE5ECF}"
EndProject
Global
	GlobalSection(SolutionConfigurationPlatforms) = preSolution
		Debug|Any CPU = Debug|Any CPU
		Release|Any CPU = Release|Any CPU
	EndGlobalSection
	GlobalSection(ProjectConfigurationPlatforms) = postSolution
		{5D0CFBC3-7463-4A5E-8B46-BDE7913E66AE}.Debug|Any CPU.ActiveCfg = Release|Any CPU
		{5D0CFBC3-7463-4A5E-8B46-BDE7913E66AE}.Debug|Any CPU.Build.0 = Release|Any CPU
		{5D0CFBC3-7463-4A5E-8B46-BDE7913E66AE}.Release|Any CPU.ActiveCfg = Release|Any CPU
		{5D0CFBC3-7463-4A5E-8B46-BDE7913E66AE}.Release|Any CPU.Build.0 = Release|Any CPU
		{821D2646-99B3-415A-9DB0-50252382C38A}.Debug|Any CPU.ActiveCfg = Debug|Any CPU
		{821D2646-99B3-415A-9DB0-50252382C38A}.Debug|Any CPU.Build.0 = Debug|Any CPU
		{821D2646-99B3-415A-9DB0-50252382C38A}.Release|Any CPU.ActiveCfg = Release|Any CPU
		{821D2646-99B3-415A-9DB0-50252382C38A}.Release|Any CPU.Build.0 = Release|Any CPU
		{873AE0A6-CA0E-4A00-9F74-8E0E4BFE5ECF}.Debug|Any CPU.ActiveCfg = Debug|Any CPU
		{873AE0A6-CA0E-4A00-9F74-8E0E4BFE5ECF}.Debug|Any CPU.Build.0 = Debug|Any CPU
		{873AE0A6-CA0E-4A00-9F74-8E0E4BFE5ECF}.Release|Any CPU.ActiveCfg = Release|Any CPU
		{873AE0A6-CA0E-4A00-9F74-8E0E4BFE5ECF}.Release|Any CPU.Build.0 = Release|Any CPU
	EndGlobalSection
	GlobalSection(SolutionProperties) = preSolution
		HideSolutionNode = FALSE
	EndGlobalSection
EndGlobal
